
Microsoft Visual Studio Solution File, Format Version 12.00
# Visual Studio Version 17
VisualStudioVersion = 17.4.33110.190
MinimumVisualStudioVersion = 10.0.40219.1
Project("{2150E333-8FDC-42A3-9474-1A3956D46DE8}") = "src", "src", "{49B2FF1F-EB99-493C-B907-29C751AF43EA}"
EndProject
Project("{2150E333-8FDC-42A3-9474-1A3956D46DE8}") = "tests", "tests", "{90935605-76FB-409E-B762-E2D1A2F2E64B}"
EndProject
Project("{2150E333-8FDC-42A3-9474-1A3956D46DE8}") = "common", "common", "{87F072EB-8A16-4026-ABB1-2B6687073407}"
EndProject
Project("{2150E333-8FDC-42A3-9474-1A3956D46DE8}") = "orders", "orders", "{27433D10-A791-48A3-94C4-302820F35773}"
EndProject
Project("{2150E333-8FDC-42A3-9474-1A3956D46DE8}") = "customers", "customers", "{6360986C-6BB9-4613-8C8D-96098BB4BEBD}"
EndProject
Project("{2150E333-8FDC-42A3-9474-1A3956D46DE8}") = "cart", "cart", "{90DA0BF4-E761-4662-B218-0BA8896705CA}"
EndProject
Project("{9A19103F-16F7-4668-BE54-9A1E7A4F7556}") = "MicroserviceApp.Common.Domain", "src\common\MicroserviceApp.Common.Domain\MicroserviceApp.Common.Domain.csproj", "{AC26FAA8-FBF2-4129-BE7C-1E7F58C283F6}"
EndProject
Project("{9A19103F-16F7-4668-BE54-9A1E7A4F7556}") = "MicroserviceApp.Common.Application", "src\common\MicroserviceApp.Common.Application\MicroserviceApp.Common.Application.csproj", "{296C22D1-E7DF-4CF5-97F2-877A7E0F50C5}"
EndProject
Project("{9A19103F-16F7-4668-BE54-9A1E7A4F7556}") = "MicroserviceApp.Common.Infrastructure", "src\common\MicroserviceApp.Common.Infrastructure\MicroserviceApp.Common.Infrastructure.csproj", "{E30B6FB6-FD4F-4AB2-BDE0-0CAA309CB4B1}"
EndProject
Project("{9A19103F-16F7-4668-BE54-9A1E7A4F7556}") = "MicroserviceApp.Common.Abstractions", "src\common\MicroserviceApp.Common.Abstractions\MicroserviceApp.Common.Abstractions.csproj", "{D59A33E9-28F5-4973-A1E7-C4AB7FBC8BEB}"
EndProject
Project("{9A19103F-16F7-4668-BE54-9A1E7A4F7556}") = "MicroserviceApp.Orders.Application", "src\orders\MicroserviceApp.Orders.Application\MicroserviceApp.Orders.Application.csproj", "{64B980DB-6DF7-442D-8024-E07A5C99364F}"
EndProject
Project("{9A19103F-16F7-4668-BE54-9A1E7A4F7556}") = "MicroserviceApp.Orders.Domain", "src\orders\MicroserviceApp.Orders.Domain\MicroserviceApp.Orders.Domain.csproj", "{7967A1AC-B7AA-4F5D-85ED-C587F3A30FF3}"
EndProject
Project("{9A19103F-16F7-4668-BE54-9A1E7A4F7556}") = "MicroserviceApp.Orders.Infrastructure", "src\orders\MicroserviceApp.Orders.Infrastructure\MicroserviceApp.Orders.Infrastructure.csproj", "{F77F0FFF-8763-4DB6-8DB1-A7FD4DFE2790}"
EndProject
Project("{9A19103F-16F7-4668-BE54-9A1E7A4F7556}") = "MicroserviceApp.Orders.Abstractions", "src\orders\MicroserviceApp.Orders.Abstractions\MicroserviceApp.Orders.Abstractions.csproj", "{CC08ECB2-8329-431F-B0DE-1E648D3981AD}"
EndProject
Project("{9A19103F-16F7-4668-BE54-9A1E7A4F7556}") = "MicroserviceApp.Orders.Api", "src\orders\MicroserviceApp.Orders.Api\MicroserviceApp.Orders.Api.csproj", "{8E56FA6E-D2C7-4BB3-9BDA-134519143324}"
EndProject
Project("{9A19103F-16F7-4668-BE54-9A1E7A4F7556}") = "MicroserviceApp.Customers.Application", "src\customers\MicroserviceApp.Customers.Application\MicroserviceApp.Customers.Application.csproj", "{B4D74480-BD30-4D9B-A75C-BC2B4CF2A68A}"
EndProject
Project("{9A19103F-16F7-4668-BE54-9A1E7A4F7556}") = "MicroserviceApp.Customers.Abstractions", "src\customers\MicroserviceApp.Customers.Abstractions\MicroserviceApp.Customers.Abstractions.csproj", "{FDBC1950-FBF8-4CCA-BAE4-A0BF69AB9AF1}"
EndProject
Project("{9A19103F-16F7-4668-BE54-9A1E7A4F7556}") = "MicroserviceApp.Customers.Domain", "src\customers\MicroserviceApp.Customers.Domain\MicroserviceApp.Customers.Domain.csproj", "{CD507F3E-54D6-4C79-A575-51286EBD5BA6}"
EndProject
Project("{9A19103F-16F7-4668-BE54-9A1E7A4F7556}") = "MicroserviceApp.Customers.Infrastructure", "src\customers\MicroserviceApp.Customers.Infrastructure\MicroserviceApp.Customers.Infrastructure.csproj", "{970E6735-7824-4369-BEDF-1C402F2B66DC}"
EndProject
Project("{9A19103F-16F7-4668-BE54-9A1E7A4F7556}") = "MicroserviceApp.Cart.Application", "src\cart\MicroserviceApp.Cart.Application\MicroserviceApp.Cart.Application.csproj", "{D9475EA1-DE5D-4971-B613-1668C8E31519}"
EndProject
Project("{9A19103F-16F7-4668-BE54-9A1E7A4F7556}") = "MicroserviceApp.Cart.Abstractions", "src\cart\MicroserviceApp.Cart.Abstractions\MicroserviceApp.Cart.Abstractions.csproj", "{854C446C-AE15-4405-BAFD-11586CBCEE44}"
EndProject
Project("{9A19103F-16F7-4668-BE54-9A1E7A4F7556}") = "MicroserviceApp.Cart.Domain", "src\cart\MicroserviceApp.Cart.Domain\MicroserviceApp.Cart.Domain.csproj", "{5C3239BB-3400-4395-97C8-903CB55D8F20}"
EndProject
Project("{9A19103F-16F7-4668-BE54-9A1E7A4F7556}") = "MicroserviceApp.Cart.Infrastructure", "src\cart\MicroserviceApp.Cart.Infrastructure\MicroserviceApp.Cart.Infrastructure.csproj", "{5251ADC9-EA02-421D-8AC8-760D1009E5D2}"
EndProject
Project("{9A19103F-16F7-4668-BE54-9A1E7A4F7556}") = "MicroserviceApp.Customers.Api", "src\customers\MicroserviceApp.Customers.Api\MicroserviceApp.Customers.Api.csproj", "{67045115-3998-483F-AD97-063EDA88F9D3}"
EndProject
Project("{9A19103F-16F7-4668-BE54-9A1E7A4F7556}") = "MicroserviceApp.Cart.Api", "src\cart\MicroserviceApp.Cart.Api\MicroserviceApp.Cart.Api.csproj", "{254ADA55-9E23-4BEC-88B9-F72F81F2F1C9}"
EndProject
Project("{9A19103F-16F7-4668-BE54-9A1E7A4F7556}") = "MicroserviceApp.Tests", "tests\MicroserviceApp.Tests\MicroserviceApp.Tests.csproj", "{9D00A30C-A5CC-4638-922B-0B5729D12865}"
EndProject
Project("{2150E333-8FDC-42A3-9474-1A3956D46DE8}") = "payment", "payment", "{4D1BF255-C5FB-497E-AF38-FFF5608B741E}"
EndProject
Project("{FAE04EC0-301F-11D3-BF4B-00C04F79EFBC}") = "MicroserviceApp.Payment.Abstractions", "src\payment\MicroserviceApp.Payment.Abstractions\MicroserviceApp.Payment.Abstractions.csproj", "{D960CFC4-AC1E-40F3-AE23-27CDB511A4CB}"
EndProject
Project("{FAE04EC0-301F-11D3-BF4B-00C04F79EFBC}") = "MicroserviceApp.Payment.Domain", "src\payment\MicroserviceApp.Payment.Domain\MicroserviceApp.Payment.Domain.csproj", "{379D7176-F961-461E-8305-40155904605C}"
EndProject
Project("{FAE04EC0-301F-11D3-BF4B-00C04F79EFBC}") = "MicroserviceApp.Payment.Application", "src\payment\MicroserviceApp.Payment.Application\MicroserviceApp.Payment.Application.csproj", "{D8C04F39-156F-4ED1-A441-A3015D21586E}"
EndProject
Project("{FAE04EC0-301F-11D3-BF4B-00C04F79EFBC}") = "MicroserviceApp.Payment.Infrastructure", "src\payment\MicroserviceApp.Payment.Infrastructure\MicroserviceApp.Payment.Infrastructure.csproj", "{3AC4BF18-3395-4F79-82F6-11CDD79D5C1E}"
EndProject
Project("{FAE04EC0-301F-11D3-BF4B-00C04F79EFBC}") = "MicroserviceApp.Payment.Api", "src\payment\MicroserviceApp.Payment.Api\MicroserviceApp.Payment.Api.csproj", "{E2AA8472-2D5F-4072-B490-E86FAF6149B0}"
EndProject
Project("{2150E333-8FDC-42A3-9474-1A3956D46DE8}") = "inventory", "inventory", "{5645102D-79AB-95EB-F9DC-CB8195C6F5BF}"
EndProject
Project("{FAE04EC0-301F-11D3-BF4B-00C04F79EFBC}") = "MicroserviceApp.Inventory.Abstractions", "src\inventory\MicroserviceApp.Inventory.Abstractions\MicroserviceApp.Inventory.Abstractions.csproj", "{FD7CE39E-FAAA-4C52-BA2D-C8265C05A778}"
EndProject
Project("{FAE04EC0-301F-11D3-BF4B-00C04F79EFBC}") = "MicroserviceApp.Inventory.Domain", "src\inventory\MicroserviceApp.Inventory.Domain\MicroserviceApp.Inventory.Domain.csproj", "{85D48947-9694-4DDB-AE7C-E1E12EBD53B8}"
EndProject
Project("{FAE04EC0-301F-11D3-BF4B-00C04F79EFBC}") = "MicroserviceApp.Inventory.Application", "src\inventory\MicroserviceApp.Inventory.Application\MicroserviceApp.Inventory.Application.csproj", "{CCCB7506-6E98-4224-B7C7-787D2875F39C}"
EndProject
Project("{FAE04EC0-301F-11D3-BF4B-00C04F79EFBC}") = "MicroserviceApp.Inventory.Infrastructure", "src\inventory\MicroserviceApp.Inventory.Infrastructure\MicroserviceApp.Inventory.Infrastructure.csproj", "{32B20CB8-2C9F-45C2-8850-E0808549CE3D}"
EndProject
Project("{FAE04EC0-301F-11D3-BF4B-00C04F79EFBC}") = "MicroserviceApp.Inventory.Api", "src\inventory\MicroserviceApp.Inventory.Api\MicroserviceApp.Inventory.Api.csproj", "{580F75D6-0C65-4092-80FA-7D967216923D}"
EndProject
Project("{2150E333-8FDC-42A3-9474-1A3956D46DE8}") = "notification", "notification", "{6FDCAA00-6919-B5FA-68E6-8EA5A4B78E83}"
EndProject
Project("{FAE04EC0-301F-11D3-BF4B-00C04F79EFBC}") = "MicroserviceApp.Notification.Abstractions", "src\notification\MicroserviceApp.Notification.Abstractions\MicroserviceApp.Notification.Abstractions.csproj", "{B7EFD819-EE7C-48CB-BB96-F129502F88C3}"
EndProject
Project("{FAE04EC0-301F-11D3-BF4B-00C04F79EFBC}") = "MicroserviceApp.Notification.Domain", "src\notification\MicroserviceApp.Notification.Domain\MicroserviceApp.Notification.Domain.csproj", "{133545C6-980E-4E07-80C3-06BD6EDC531C}"
EndProject
Project("{FAE04EC0-301F-11D3-BF4B-00C04F79EFBC}") = "MicroserviceApp.Notification.Application", "src\notification\MicroserviceApp.Notification.Application\MicroserviceApp.Notification.Application.csproj", "{0DFD9FA8-A44F-4887-AEE2-6D70C0C96D68}"
EndProject
Project("{FAE04EC0-301F-11D3-BF4B-00C04F79EFBC}") = "MicroserviceApp.Notification.Infrastructure", "src\notification\MicroserviceApp.Notification.Infrastructure\MicroserviceApp.Notification.Infrastructure.csproj", "{CD846AA2-95B2-4570-8677-7C4E4BF67968}"
EndProject
Project("{FAE04EC0-301F-11D3-BF4B-00C04F79EFBC}") = "MicroserviceApp.Notification.Api", "src\notification\MicroserviceApp.Notification.Api\MicroserviceApp.Notification.Api.csproj", "{C33497C0-7C73-447B-9547-3569A16D2726}"
EndProject
Project("{2150E333-8FDC-42A3-9474-1A3956D46DE8}") = "fulfilment", "fulfilment", "{184C3724-C2F8-94CC-87CB-DE9B27A511F3}"
EndProject
Project("{FAE04EC0-301F-11D3-BF4B-00C04F79EFBC}") = "MicroserviceApp.Fulfilment.Abstractions", "src\fulfilment\MicroserviceApp.Fulfilment.Abstractions\MicroserviceApp.Fulfilment.Abstractions.csproj", "{9759352F-B5F0-44F6-946E-6B330E7C6811}"
EndProject
Project("{FAE04EC0-301F-11D3-BF4B-00C04F79EFBC}") = "MicroserviceApp.Fulfilment.Domain", "src\fulfilment\MicroserviceApp.Fulfilment.Domain\MicroserviceApp.Fulfilment.Domain.csproj", "{2477549D-9C83-4895-B8F5-B64687760D2F}"
EndProject
Project("{FAE04EC0-301F-11D3-BF4B-00C04F79EFBC}") = "MicroserviceApp.Fulfilment.Application", "src\fulfilment\MicroserviceApp.Fulfilment.Application\MicroserviceApp.Fulfilment.Application.csproj", "{64E3FB84-95E4-4910-9EF4-5DD360EC19AC}"
EndProject
Project("{FAE04EC0-301F-11D3-BF4B-00C04F79EFBC}") = "MicroserviceApp.Fulfilment.Infrastructure", "src\fulfilment\MicroserviceApp.Fulfilment.Infrastructure\MicroserviceApp.Fulfilment.Infrastructure.csproj", "{B1082BF1-9C12-4DB1-8940-E2A963A962B6}"
EndProject
Project("{FAE04EC0-301F-11D3-BF4B-00C04F79EFBC}") = "MicroserviceApp.Fulfilment.Api", "src\fulfilment\MicroserviceApp.Fulfilment.Api\MicroserviceApp.Fulfilment.Api.csproj", "{301D96AD-EA67-4B6B-8A9F-FB99D3EC8997}"
EndProject
Global
	GlobalSection(SolutionConfigurationPlatforms) = preSolution
		Debug|Any CPU = Debug|Any CPU
		Debug|x64 = Debug|x64
		Debug|x86 = Debug|x86
		Release|Any CPU = Release|Any CPU
		Release|x64 = Release|x64
		Release|x86 = Release|x86
	EndGlobalSection
	GlobalSection(ProjectConfigurationPlatforms) = postSolution
		{AC26FAA8-FBF2-4129-BE7C-1E7F58C283F6}.Debug|Any CPU.ActiveCfg = Debug|Any CPU
		{AC26FAA8-FBF2-4129-BE7C-1E7F58C283F6}.Debug|Any CPU.Build.0 = Debug|Any CPU
		{AC26FAA8-FBF2-4129-BE7C-1E7F58C283F6}.Debug|x64.ActiveCfg = Debug|Any CPU
		{AC26FAA8-FBF2-4129-BE7C-1E7F58C283F6}.Debug|x64.Build.0 = Debug|Any CPU
		{AC26FAA8-FBF2-4129-BE7C-1E7F58C283F6}.Debug|x86.ActiveCfg = Debug|Any CPU
		{AC26FAA8-FBF2-4129-BE7C-1E7F58C283F6}.Debug|x86.Build.0 = Debug|Any CPU
		{AC26FAA8-FBF2-4129-BE7C-1E7F58C283F6}.Release|Any CPU.ActiveCfg = Release|Any CPU
		{AC26FAA8-FBF2-4129-BE7C-1E7F58C283F6}.Release|Any CPU.Build.0 = Release|Any CPU
		{AC26FAA8-FBF2-4129-BE7C-1E7F58C283F6}.Release|x64.ActiveCfg = Release|Any CPU
		{AC26FAA8-FBF2-4129-BE7C-1E7F58C283F6}.Release|x64.Build.0 = Release|Any CPU
		{AC26FAA8-FBF2-4129-BE7C-1E7F58C283F6}.Release|x86.ActiveCfg = Release|Any CPU
		{AC26FAA8-FBF2-4129-BE7C-1E7F58C283F6}.Release|x86.Build.0 = Release|Any CPU
		{296C22D1-E7DF-4CF5-97F2-877A7E0F50C5}.Debug|Any CPU.ActiveCfg = Debug|Any CPU
		{296C22D1-E7DF-4CF5-97F2-877A7E0F50C5}.Debug|Any CPU.Build.0 = Debug|Any CPU
		{296C22D1-E7DF-4CF5-97F2-877A7E0F50C5}.Debug|x64.ActiveCfg = Debug|Any CPU
		{296C22D1-E7DF-4CF5-97F2-877A7E0F50C5}.Debug|x64.Build.0 = Debug|Any CPU
		{296C22D1-E7DF-4CF5-97F2-877A7E0F50C5}.Debug|x86.ActiveCfg = Debug|Any CPU
		{296C22D1-E7DF-4CF5-97F2-877A7E0F50C5}.Debug|x86.Build.0 = Debug|Any CPU
		{296C22D1-E7DF-4CF5-97F2-877A7E0F50C5}.Release|Any CPU.ActiveCfg = Release|Any CPU
		{296C22D1-E7DF-4CF5-97F2-877A7E0F50C5}.Release|Any CPU.Build.0 = Release|Any CPU
		{296C22D1-E7DF-4CF5-97F2-877A7E0F50C5}.Release|x64.ActiveCfg = Release|Any CPU
		{296C22D1-E7DF-4CF5-97F2-877A7E0F50C5}.Release|x64.Build.0 = Release|Any CPU
		{296C22D1-E7DF-4CF5-97F2-877A7E0F50C5}.Release|x86.ActiveCfg = Release|Any CPU
		{296C22D1-E7DF-4CF5-97F2-877A7E0F50C5}.Release|x86.Build.0 = Release|Any CPU
		{E30B6FB6-FD4F-4AB2-BDE0-0CAA309CB4B1}.Debug|Any CPU.ActiveCfg = Debug|Any CPU
		{E30B6FB6-FD4F-4AB2-BDE0-0CAA309CB4B1}.Debug|Any CPU.Build.0 = Debug|Any CPU
		{E30B6FB6-FD4F-4AB2-BDE0-0CAA309CB4B1}.Debug|x64.ActiveCfg = Debug|Any CPU
		{E30B6FB6-FD4F-4AB2-BDE0-0CAA309CB4B1}.Debug|x64.Build.0 = Debug|Any CPU
		{E30B6FB6-FD4F-4AB2-BDE0-0CAA309CB4B1}.Debug|x86.ActiveCfg = Debug|Any CPU
		{E30B6FB6-FD4F-4AB2-BDE0-0CAA309CB4B1}.Debug|x86.Build.0 = Debug|Any CPU
		{E30B6FB6-FD4F-4AB2-BDE0-0CAA309CB4B1}.Release|Any CPU.ActiveCfg = Release|Any CPU
		{E30B6FB6-FD4F-4AB2-BDE0-0CAA309CB4B1}.Release|Any CPU.Build.0 = Release|Any CPU
		{E30B6FB6-FD4F-4AB2-BDE0-0CAA309CB4B1}.Release|x64.ActiveCfg = Release|Any CPU
		{E30B6FB6-FD4F-4AB2-BDE0-0CAA309CB4B1}.Release|x64.Build.0 = Release|Any CPU
		{E30B6FB6-FD4F-4AB2-BDE0-0CAA309CB4B1}.Release|x86.ActiveCfg = Release|Any CPU
		{E30B6FB6-FD4F-4AB2-BDE0-0CAA309CB4B1}.Release|x86.Build.0 = Release|Any CPU
		{D59A33E9-28F5-4973-A1E7-C4AB7FBC8BEB}.Debug|Any CPU.ActiveCfg = Debug|Any CPU
		{D59A33E9-28F5-4973-A1E7-C4AB7FBC8BEB}.Debug|Any CPU.Build.0 = Debug|Any CPU
		{D59A33E9-28F5-4973-A1E7-C4AB7FBC8BEB}.Debug|x64.ActiveCfg = Debug|Any CPU
		{D59A33E9-28F5-4973-A1E7-C4AB7FBC8BEB}.Debug|x64.Build.0 = Debug|Any CPU
		{D59A33E9-28F5-4973-A1E7-C4AB7FBC8BEB}.Debug|x86.ActiveCfg = Debug|Any CPU
		{D59A33E9-28F5-4973-A1E7-C4AB7FBC8BEB}.Debug|x86.Build.0 = Debug|Any CPU
		{D59A33E9-28F5-4973-A1E7-C4AB7FBC8BEB}.Release|Any CPU.ActiveCfg = Release|Any CPU
		{D59A33E9-28F5-4973-A1E7-C4AB7FBC8BEB}.Release|Any CPU.Build.0 = Release|Any CPU
		{D59A33E9-28F5-4973-A1E7-C4AB7FBC8BEB}.Release|x64.ActiveCfg = Release|Any CPU
		{D59A33E9-28F5-4973-A1E7-C4AB7FBC8BEB}.Release|x64.Build.0 = Release|Any CPU
		{D59A33E9-28F5-4973-A1E7-C4AB7FBC8BEB}.Release|x86.ActiveCfg = Release|Any CPU
		{D59A33E9-28F5-4973-A1E7-C4AB7FBC8BEB}.Release|x86.Build.0 = Release|Any CPU
		{64B980DB-6DF7-442D-8024-E07A5C99364F}.Debug|Any CPU.ActiveCfg = Debug|Any CPU
		{64B980DB-6DF7-442D-8024-E07A5C99364F}.Debug|Any CPU.Build.0 = Debug|Any CPU
		{64B980DB-6DF7-442D-8024-E07A5C99364F}.Debug|x64.ActiveCfg = Debug|Any CPU
		{64B980DB-6DF7-442D-8024-E07A5C99364F}.Debug|x64.Build.0 = Debug|Any CPU
		{64B980DB-6DF7-442D-8024-E07A5C99364F}.Debug|x86.ActiveCfg = Debug|Any CPU
		{64B980DB-6DF7-442D-8024-E07A5C99364F}.Debug|x86.Build.0 = Debug|Any CPU
		{64B980DB-6DF7-442D-8024-E07A5C99364F}.Release|Any CPU.ActiveCfg = Release|Any CPU
		{64B980DB-6DF7-442D-8024-E07A5C99364F}.Release|Any CPU.Build.0 = Release|Any CPU
		{64B980DB-6DF7-442D-8024-E07A5C99364F}.Release|x64.ActiveCfg = Release|Any CPU
		{64B980DB-6DF7-442D-8024-E07A5C99364F}.Release|x64.Build.0 = Release|Any CPU
		{64B980DB-6DF7-442D-8024-E07A5C99364F}.Release|x86.ActiveCfg = Release|Any CPU
		{64B980DB-6DF7-442D-8024-E07A5C99364F}.Release|x86.Build.0 = Release|Any CPU
		{7967A1AC-B7AA-4F5D-85ED-C587F3A30FF3}.Debug|Any CPU.ActiveCfg = Debug|Any CPU
		{7967A1AC-B7AA-4F5D-85ED-C587F3A30FF3}.Debug|Any CPU.Build.0 = Debug|Any CPU
		{7967A1AC-B7AA-4F5D-85ED-C587F3A30FF3}.Debug|x64.ActiveCfg = Debug|Any CPU
		{7967A1AC-B7AA-4F5D-85ED-C587F3A30FF3}.Debug|x64.Build.0 = Debug|Any CPU
		{7967A1AC-B7AA-4F5D-85ED-C587F3A30FF3}.Debug|x86.ActiveCfg = Debug|Any CPU
		{7967A1AC-B7AA-4F5D-85ED-C587F3A30FF3}.Debug|x86.Build.0 = Debug|Any CPU
		{7967A1AC-B7AA-4F5D-85ED-C587F3A30FF3}.Release|Any CPU.ActiveCfg = Release|Any CPU
		{7967A1AC-B7AA-4F5D-85ED-C587F3A30FF3}.Release|Any CPU.Build.0 = Release|Any CPU
		{7967A1AC-B7AA-4F5D-85ED-C587F3A30FF3}.Release|x64.ActiveCfg = Release|Any CPU
		{7967A1AC-B7AA-4F5D-85ED-C587F3A30FF3}.Release|x64.Build.0 = Release|Any CPU
		{7967A1AC-B7AA-4F5D-85ED-C587F3A30FF3}.Release|x86.ActiveCfg = Release|Any CPU
		{7967A1AC-B7AA-4F5D-85ED-C587F3A30FF3}.Release|x86.Build.0 = Release|Any CPU
		{F77F0FFF-8763-4DB6-8DB1-A7FD4DFE2790}.Debug|Any CPU.ActiveCfg = Debug|Any CPU
		{F77F0FFF-8763-4DB6-8DB1-A7FD4DFE2790}.Debug|Any CPU.Build.0 = Debug|Any CPU
		{F77F0FFF-8763-4DB6-8DB1-A7FD4DFE2790}.Debug|x64.ActiveCfg = Debug|Any CPU
		{F77F0FFF-8763-4DB6-8DB1-A7FD4DFE2790}.Debug|x64.Build.0 = Debug|Any CPU
		{F77F0FFF-8763-4DB6-8DB1-A7FD4DFE2790}.Debug|x86.ActiveCfg = Debug|Any CPU
		{F77F0FFF-8763-4DB6-8DB1-A7FD4DFE2790}.Debug|x86.Build.0 = Debug|Any CPU
		{F77F0FFF-8763-4DB6-8DB1-A7FD4DFE2790}.Release|Any CPU.ActiveCfg = Release|Any CPU
		{F77F0FFF-8763-4DB6-8DB1-A7FD4DFE2790}.Release|Any CPU.Build.0 = Release|Any CPU
		{F77F0FFF-8763-4DB6-8DB1-A7FD4DFE2790}.Release|x64.ActiveCfg = Release|Any CPU
		{F77F0FFF-8763-4DB6-8DB1-A7FD4DFE2790}.Release|x64.Build.0 = Release|Any CPU
		{F77F0FFF-8763-4DB6-8DB1-A7FD4DFE2790}.Release|x86.ActiveCfg = Release|Any CPU
		{F77F0FFF-8763-4DB6-8DB1-A7FD4DFE2790}.Release|x86.Build.0 = Release|Any CPU
		{CC08ECB2-8329-431F-B0DE-1E648D3981AD}.Debug|Any CPU.ActiveCfg = Debug|Any CPU
		{CC08ECB2-8329-431F-B0DE-1E648D3981AD}.Debug|Any CPU.Build.0 = Debug|Any CPU
		{CC08ECB2-8329-431F-B0DE-1E648D3981AD}.Debug|x64.ActiveCfg = Debug|Any CPU
		{CC08ECB2-8329-431F-B0DE-1E648D3981AD}.Debug|x64.Build.0 = Debug|Any CPU
		{CC08ECB2-8329-431F-B0DE-1E648D3981AD}.Debug|x86.ActiveCfg = Debug|Any CPU
		{CC08ECB2-8329-431F-B0DE-1E648D3981AD}.Debug|x86.Build.0 = Debug|Any CPU
		{CC08ECB2-8329-431F-B0DE-1E648D3981AD}.Release|Any CPU.ActiveCfg = Release|Any CPU
		{CC08ECB2-8329-431F-B0DE-1E648D3981AD}.Release|Any CPU.Build.0 = Release|Any CPU
		{CC08ECB2-8329-431F-B0DE-1E648D3981AD}.Release|x64.ActiveCfg = Release|Any CPU
		{CC08ECB2-8329-431F-B0DE-1E648D3981AD}.Release|x64.Build.0 = Release|Any CPU
		{CC08ECB2-8329-431F-B0DE-1E648D3981AD}.Release|x86.ActiveCfg = Release|Any CPU
		{CC08ECB2-8329-431F-B0DE-1E648D3981AD}.Release|x86.Build.0 = Release|Any CPU
		{8E56FA6E-D2C7-4BB3-9BDA-134519143324}.Debug|Any CPU.ActiveCfg = Debug|Any CPU
		{8E56FA6E-D2C7-4BB3-9BDA-134519143324}.Debug|Any CPU.Build.0 = Debug|Any CPU
		{8E56FA6E-D2C7-4BB3-9BDA-134519143324}.Debug|x64.ActiveCfg = Debug|Any CPU
		{8E56FA6E-D2C7-4BB3-9BDA-134519143324}.Debug|x64.Build.0 = Debug|Any CPU
		{8E56FA6E-D2C7-4BB3-9BDA-134519143324}.Debug|x86.ActiveCfg = Debug|Any CPU
		{8E56FA6E-D2C7-4BB3-9BDA-134519143324}.Debug|x86.Build.0 = Debug|Any CPU
		{8E56FA6E-D2C7-4BB3-9BDA-134519143324}.Release|Any CPU.ActiveCfg = Release|Any CPU
		{8E56FA6E-D2C7-4BB3-9BDA-134519143324}.Release|Any CPU.Build.0 = Release|Any CPU
		{8E56FA6E-D2C7-4BB3-9BDA-134519143324}.Release|x64.ActiveCfg = Release|Any CPU
		{8E56FA6E-D2C7-4BB3-9BDA-134519143324}.Release|x64.Build.0 = Release|Any CPU
		{8E56FA6E-D2C7-4BB3-9BDA-134519143324}.Release|x86.ActiveCfg = Release|Any CPU
		{8E56FA6E-D2C7-4BB3-9BDA-134519143324}.Release|x86.Build.0 = Release|Any CPU
		{B4D74480-BD30-4D9B-A75C-BC2B4CF2A68A}.Debug|Any CPU.ActiveCfg = Debug|Any CPU
		{B4D74480-BD30-4D9B-A75C-BC2B4CF2A68A}.Debug|Any CPU.Build.0 = Debug|Any CPU
		{B4D74480-BD30-4D9B-A75C-BC2B4CF2A68A}.Debug|x64.ActiveCfg = Debug|Any CPU
		{B4D74480-BD30-4D9B-A75C-BC2B4CF2A68A}.Debug|x64.Build.0 = Debug|Any CPU
		{B4D74480-BD30-4D9B-A75C-BC2B4CF2A68A}.Debug|x86.ActiveCfg = Debug|Any CPU
		{B4D74480-BD30-4D9B-A75C-BC2B4CF2A68A}.Debug|x86.Build.0 = Debug|Any CPU
		{B4D74480-BD30-4D9B-A75C-BC2B4CF2A68A}.Release|Any CPU.ActiveCfg = Release|Any CPU
		{B4D74480-BD30-4D9B-A75C-BC2B4CF2A68A}.Release|Any CPU.Build.0 = Release|Any CPU
		{B4D74480-BD30-4D9B-A75C-BC2B4CF2A68A}.Release|x64.ActiveCfg = Release|Any CPU
		{B4D74480-BD30-4D9B-A75C-BC2B4CF2A68A}.Release|x64.Build.0 = Release|Any CPU
		{B4D74480-BD30-4D9B-A75C-BC2B4CF2A68A}.Release|x86.ActiveCfg = Release|Any CPU
		{B4D74480-BD30-4D9B-A75C-BC2B4CF2A68A}.Release|x86.Build.0 = Release|Any CPU
		{FDBC1950-FBF8-4CCA-BAE4-A0BF69AB9AF1}.Debug|Any CPU.ActiveCfg = Debug|Any CPU
		{FDBC1950-FBF8-4CCA-BAE4-A0BF69AB9AF1}.Debug|Any CPU.Build.0 = Debug|Any CPU
		{FDBC1950-FBF8-4CCA-BAE4-A0BF69AB9AF1}.Debug|x64.ActiveCfg = Debug|Any CPU
		{FDBC1950-FBF8-4CCA-BAE4-A0BF69AB9AF1}.Debug|x64.Build.0 = Debug|Any CPU
		{FDBC1950-FBF8-4CCA-BAE4-A0BF69AB9AF1}.Debug|x86.ActiveCfg = Debug|Any CPU
		{FDBC1950-FBF8-4CCA-BAE4-A0BF69AB9AF1}.Debug|x86.Build.0 = Debug|Any CPU
		{FDBC1950-FBF8-4CCA-BAE4-A0BF69AB9AF1}.Release|Any CPU.ActiveCfg = Release|Any CPU
		{FDBC1950-FBF8-4CCA-BAE4-A0BF69AB9AF1}.Release|Any CPU.Build.0 = Release|Any CPU
		{FDBC1950-FBF8-4CCA-BAE4-A0BF69AB9AF1}.Release|x64.ActiveCfg = Release|Any CPU
		{FDBC1950-FBF8-4CCA-BAE4-A0BF69AB9AF1}.Release|x64.Build.0 = Release|Any CPU
		{FDBC1950-FBF8-4CCA-BAE4-A0BF69AB9AF1}.Release|x86.ActiveCfg = Release|Any CPU
		{FDBC1950-FBF8-4CCA-BAE4-A0BF69AB9AF1}.Release|x86.Build.0 = Release|Any CPU
		{CD507F3E-54D6-4C79-A575-51286EBD5BA6}.Debug|Any CPU.ActiveCfg = Debug|Any CPU
		{CD507F3E-54D6-4C79-A575-51286EBD5BA6}.Debug|Any CPU.Build.0 = Debug|Any CPU
		{CD507F3E-54D6-4C79-A575-51286EBD5BA6}.Debug|x64.ActiveCfg = Debug|Any CPU
		{CD507F3E-54D6-4C79-A575-51286EBD5BA6}.Debug|x64.Build.0 = Debug|Any CPU
		{CD507F3E-54D6-4C79-A575-51286EBD5BA6}.Debug|x86.ActiveCfg = Debug|Any CPU
		{CD507F3E-54D6-4C79-A575-51286EBD5BA6}.Debug|x86.Build.0 = Debug|Any CPU
		{CD507F3E-54D6-4C79-A575-51286EBD5BA6}.Release|Any CPU.ActiveCfg = Release|Any CPU
		{CD507F3E-54D6-4C79-A575-51286EBD5BA6}.Release|Any CPU.Build.0 = Release|Any CPU
		{CD507F3E-54D6-4C79-A575-51286EBD5BA6}.Release|x64.ActiveCfg = Release|Any CPU
		{CD507F3E-54D6-4C79-A575-51286EBD5BA6}.Release|x64.Build.0 = Release|Any CPU
		{CD507F3E-54D6-4C79-A575-51286EBD5BA6}.Release|x86.ActiveCfg = Release|Any CPU
		{CD507F3E-54D6-4C79-A575-51286EBD5BA6}.Release|x86.Build.0 = Release|Any CPU
		{970E6735-7824-4369-BEDF-1C402F2B66DC}.Debug|Any CPU.ActiveCfg = Debug|Any CPU
		{970E6735-7824-4369-BEDF-1C402F2B66DC}.Debug|Any CPU.Build.0 = Debug|Any CPU
		{970E6735-7824-4369-BEDF-1C402F2B66DC}.Debug|x64.ActiveCfg = Debug|Any CPU
		{970E6735-7824-4369-BEDF-1C402F2B66DC}.Debug|x64.Build.0 = Debug|Any CPU
		{970E6735-7824-4369-BEDF-1C402F2B66DC}.Debug|x86.ActiveCfg = Debug|Any CPU
		{970E6735-7824-4369-BEDF-1C402F2B66DC}.Debug|x86.Build.0 = Debug|Any CPU
		{970E6735-7824-4369-BEDF-1C402F2B66DC}.Release|Any CPU.ActiveCfg = Release|Any CPU
		{970E6735-7824-4369-BEDF-1C402F2B66DC}.Release|Any CPU.Build.0 = Release|Any CPU
		{970E6735-7824-4369-BEDF-1C402F2B66DC}.Release|x64.ActiveCfg = Release|Any CPU
		{970E6735-7824-4369-BEDF-1C402F2B66DC}.Release|x64.Build.0 = Release|Any CPU
		{970E6735-7824-4369-BEDF-1C402F2B66DC}.Release|x86.ActiveCfg = Release|Any CPU
		{970E6735-7824-4369-BEDF-1C402F2B66DC}.Release|x86.Build.0 = Release|Any CPU
		{D9475EA1-DE5D-4971-B613-1668C8E31519}.Debug|Any CPU.ActiveCfg = Debug|Any CPU
		{D9475EA1-DE5D-4971-B613-1668C8E31519}.Debug|Any CPU.Build.0 = Debug|Any CPU
		{D9475EA1-DE5D-4971-B613-1668C8E31519}.Debug|x64.ActiveCfg = Debug|Any CPU
		{D9475EA1-DE5D-4971-B613-1668C8E31519}.Debug|x64.Build.0 = Debug|Any CPU
		{D9475EA1-DE5D-4971-B613-1668C8E31519}.Debug|x86.ActiveCfg = Debug|Any CPU
		{D9475EA1-DE5D-4971-B613-1668C8E31519}.Debug|x86.Build.0 = Debug|Any CPU
		{D9475EA1-DE5D-4971-B613-1668C8E31519}.Release|Any CPU.ActiveCfg = Release|Any CPU
		{D9475EA1-DE5D-4971-B613-1668C8E31519}.Release|Any CPU.Build.0 = Release|Any CPU
		{D9475EA1-DE5D-4971-B613-1668C8E31519}.Release|x64.ActiveCfg = Release|Any CPU
		{D9475EA1-DE5D-4971-B613-1668C8E31519}.Release|x64.Build.0 = Release|Any CPU
		{D9475EA1-DE5D-4971-B613-1668C8E31519}.Release|x86.ActiveCfg = Release|Any CPU
		{D9475EA1-DE5D-4971-B613-1668C8E31519}.Release|x86.Build.0 = Release|Any CPU
		{854C446C-AE15-4405-BAFD-11586CBCEE44}.Debug|Any CPU.ActiveCfg = Debug|Any CPU
		{854C446C-AE15-4405-BAFD-11586CBCEE44}.Debug|Any CPU.Build.0 = Debug|Any CPU
		{854C446C-AE15-4405-BAFD-11586CBCEE44}.Debug|x64.ActiveCfg = Debug|Any CPU
		{854C446C-AE15-4405-BAFD-11586CBCEE44}.Debug|x64.Build.0 = Debug|Any CPU
		{854C446C-AE15-4405-BAFD-11586CBCEE44}.Debug|x86.ActiveCfg = Debug|Any CPU
		{854C446C-AE15-4405-BAFD-11586CBCEE44}.Debug|x86.Build.0 = Debug|Any CPU
		{854C446C-AE15-4405-BAFD-11586CBCEE44}.Release|Any CPU.ActiveCfg = Release|Any CPU
		{854C446C-AE15-4405-BAFD-11586CBCEE44}.Release|Any CPU.Build.0 = Release|Any CPU
		{854C446C-AE15-4405-BAFD-11586CBCEE44}.Release|x64.ActiveCfg = Release|Any CPU
		{854C446C-AE15-4405-BAFD-11586CBCEE44}.Release|x64.Build.0 = Release|Any CPU
		{854C446C-AE15-4405-BAFD-11586CBCEE44}.Release|x86.ActiveCfg = Release|Any CPU
		{854C446C-AE15-4405-BAFD-11586CBCEE44}.Release|x86.Build.0 = Release|Any CPU
		{5C3239BB-3400-4395-97C8-903CB55D8F20}.Debug|Any CPU.ActiveCfg = Debug|Any CPU
		{5C3239BB-3400-4395-97C8-903CB55D8F20}.Debug|Any CPU.Build.0 = Debug|Any CPU
		{5C3239BB-3400-4395-97C8-903CB55D8F20}.Debug|x64.ActiveCfg = Debug|Any CPU
		{5C3239BB-3400-4395-97C8-903CB55D8F20}.Debug|x64.Build.0 = Debug|Any CPU
		{5C3239BB-3400-4395-97C8-903CB55D8F20}.Debug|x86.ActiveCfg = Debug|Any CPU
		{5C3239BB-3400-4395-97C8-903CB55D8F20}.Debug|x86.Build.0 = Debug|Any CPU
		{5C3239BB-3400-4395-97C8-903CB55D8F20}.Release|Any CPU.ActiveCfg = Release|Any CPU
		{5C3239BB-3400-4395-97C8-903CB55D8F20}.Release|Any CPU.Build.0 = Release|Any CPU
		{5C3239BB-3400-4395-97C8-903CB55D8F20}.Release|x64.ActiveCfg = Release|Any CPU
		{5C3239BB-3400-4395-97C8-903CB55D8F20}.Release|x64.Build.0 = Release|Any CPU
		{5C3239BB-3400-4395-97C8-903CB55D8F20}.Release|x86.ActiveCfg = Release|Any CPU
		{5C3239BB-3400-4395-97C8-903CB55D8F20}.Release|x86.Build.0 = Release|Any CPU
		{5251ADC9-EA02-421D-8AC8-760D1009E5D2}.Debug|Any CPU.ActiveCfg = Debug|Any CPU
		{5251ADC9-EA02-421D-8AC8-760D1009E5D2}.Debug|Any CPU.Build.0 = Debug|Any CPU
		{5251ADC9-EA02-421D-8AC8-760D1009E5D2}.Debug|x64.ActiveCfg = Debug|Any CPU
		{5251ADC9-EA02-421D-8AC8-760D1009E5D2}.Debug|x64.Build.0 = Debug|Any CPU
		{5251ADC9-EA02-421D-8AC8-760D1009E5D2}.Debug|x86.ActiveCfg = Debug|Any CPU
		{5251ADC9-EA02-421D-8AC8-760D1009E5D2}.Debug|x86.Build.0 = Debug|Any CPU
		{5251ADC9-EA02-421D-8AC8-760D1009E5D2}.Release|Any CPU.ActiveCfg = Release|Any CPU
		{5251ADC9-EA02-421D-8AC8-760D1009E5D2}.Release|Any CPU.Build.0 = Release|Any CPU
		{5251ADC9-EA02-421D-8AC8-760D1009E5D2}.Release|x64.ActiveCfg = Release|Any CPU
		{5251ADC9-EA02-421D-8AC8-760D1009E5D2}.Release|x64.Build.0 = Release|Any CPU
		{5251ADC9-EA02-421D-8AC8-760D1009E5D2}.Release|x86.ActiveCfg = Release|Any CPU
		{5251ADC9-EA02-421D-8AC8-760D1009E5D2}.Release|x86.Build.0 = Release|Any CPU
		{67045115-3998-483F-AD97-063EDA88F9D3}.Debug|Any CPU.ActiveCfg = Debug|Any CPU
		{67045115-3998-483F-AD97-063EDA88F9D3}.Debug|Any CPU.Build.0 = Debug|Any CPU
		{67045115-3998-483F-AD97-063EDA88F9D3}.Debug|x64.ActiveCfg = Debug|Any CPU
		{67045115-3998-483F-AD97-063EDA88F9D3}.Debug|x64.Build.0 = Debug|Any CPU
		{67045115-3998-483F-AD97-063EDA88F9D3}.Debug|x86.ActiveCfg = Debug|Any CPU
		{67045115-3998-483F-AD97-063EDA88F9D3}.Debug|x86.Build.0 = Debug|Any CPU
		{67045115-3998-483F-AD97-063EDA88F9D3}.Release|Any CPU.ActiveCfg = Release|Any CPU
		{67045115-3998-483F-AD97-063EDA88F9D3}.Release|Any CPU.Build.0 = Release|Any CPU
		{67045115-3998-483F-AD97-063EDA88F9D3}.Release|x64.ActiveCfg = Release|Any CPU
		{67045115-3998-483F-AD97-063EDA88F9D3}.Release|x64.Build.0 = Release|Any CPU
		{67045115-3998-483F-AD97-063EDA88F9D3}.Release|x86.ActiveCfg = Release|Any CPU
		{67045115-3998-483F-AD97-063EDA88F9D3}.Release|x86.Build.0 = Release|Any CPU
		{254ADA55-9E23-4BEC-88B9-F72F81F2F1C9}.Debug|Any CPU.ActiveCfg = Debug|Any CPU
		{254ADA55-9E23-4BEC-88B9-F72F81F2F1C9}.Debug|Any CPU.Build.0 = Debug|Any CPU
		{254ADA55-9E23-4BEC-88B9-F72F81F2F1C9}.Debug|x64.ActiveCfg = Debug|Any CPU
		{254ADA55-9E23-4BEC-88B9-F72F81F2F1C9}.Debug|x64.Build.0 = Debug|Any CPU
		{254ADA55-9E23-4BEC-88B9-F72F81F2F1C9}.Debug|x86.ActiveCfg = Debug|Any CPU
		{254ADA55-9E23-4BEC-88B9-F72F81F2F1C9}.Debug|x86.Build.0 = Debug|Any CPU
		{254ADA55-9E23-4BEC-88B9-F72F81F2F1C9}.Release|Any CPU.ActiveCfg = Release|Any CPU
		{254ADA55-9E23-4BEC-88B9-F72F81F2F1C9}.Release|Any CPU.Build.0 = Release|Any CPU
		{254ADA55-9E23-4BEC-88B9-F72F81F2F1C9}.Release|x64.ActiveCfg = Release|Any CPU
		{254ADA55-9E23-4BEC-88B9-F72F81F2F1C9}.Release|x64.Build.0 = Release|Any CPU
		{254ADA55-9E23-4BEC-88B9-F72F81F2F1C9}.Release|x86.ActiveCfg = Release|Any CPU
		{254ADA55-9E23-4BEC-88B9-F72F81F2F1C9}.Release|x86.Build.0 = Release|Any CPU
		{9D00A30C-A5CC-4638-922B-0B5729D12865}.Debug|Any CPU.ActiveCfg = Debug|Any CPU
		{9D00A30C-A5CC-4638-922B-0B5729D12865}.Debug|Any CPU.Build.0 = Debug|Any CPU
		{9D00A30C-A5CC-4638-922B-0B5729D12865}.Debug|x64.ActiveCfg = Debug|Any CPU
		{9D00A30C-A5CC-4638-922B-0B5729D12865}.Debug|x64.Build.0 = Debug|Any CPU
		{9D00A30C-A5CC-4638-922B-0B5729D12865}.Debug|x86.ActiveCfg = Debug|Any CPU
		{9D00A30C-A5CC-4638-922B-0B5729D12865}.Debug|x86.Build.0 = Debug|Any CPU
		{9D00A30C-A5CC-4638-922B-0B5729D12865}.Release|Any CPU.ActiveCfg = Release|Any CPU
		{9D00A30C-A5CC-4638-922B-0B5729D12865}.Release|Any CPU.Build.0 = Release|Any CPU
		{9D00A30C-A5CC-4638-922B-0B5729D12865}.Release|x64.ActiveCfg = Release|Any CPU
		{9D00A30C-A5CC-4638-922B-0B5729D12865}.Release|x64.Build.0 = Release|Any CPU
		{9D00A30C-A5CC-4638-922B-0B5729D12865}.Release|x86.ActiveCfg = Release|Any CPU
		{9D00A30C-A5CC-4638-922B-0B5729D12865}.Release|x86.Build.0 = Release|Any CPU
		{D960CFC4-AC1E-40F3-AE23-27CDB511A4CB}.Debug|Any CPU.ActiveCfg = Debug|Any CPU
		{D960CFC4-AC1E-40F3-AE23-27CDB511A4CB}.Debug|Any CPU.Build.0 = Debug|Any CPU
		{D960CFC4-AC1E-40F3-AE23-27CDB511A4CB}.Debug|x64.ActiveCfg = Debug|Any CPU
		{D960CFC4-AC1E-40F3-AE23-27CDB511A4CB}.Debug|x64.Build.0 = Debug|Any CPU
		{D960CFC4-AC1E-40F3-AE23-27CDB511A4CB}.Debug|x86.ActiveCfg = Debug|Any CPU
		{D960CFC4-AC1E-40F3-AE23-27CDB511A4CB}.Debug|x86.Build.0 = Debug|Any CPU
		{D960CFC4-AC1E-40F3-AE23-27CDB511A4CB}.Release|Any CPU.ActiveCfg = Release|Any CPU
		{D960CFC4-AC1E-40F3-AE23-27CDB511A4CB}.Release|Any CPU.Build.0 = Release|Any CPU
		{D960CFC4-AC1E-40F3-AE23-27CDB511A4CB}.Release|x64.ActiveCfg = Release|Any CPU
		{D960CFC4-AC1E-40F3-AE23-27CDB511A4CB}.Release|x64.Build.0 = Release|Any CPU
		{D960CFC4-AC1E-40F3-AE23-27CDB511A4CB}.Release|x86.ActiveCfg = Release|Any CPU
		{D960CFC4-AC1E-40F3-AE23-27CDB511A4CB}.Release|x86.Build.0 = Release|Any CPU
		{379D7176-F961-461E-8305-40155904605C}.Debug|Any CPU.ActiveCfg = Debug|Any CPU
		{379D7176-F961-461E-8305-40155904605C}.Debug|Any CPU.Build.0 = Debug|Any CPU
		{379D7176-F961-461E-8305-40155904605C}.Debug|x64.ActiveCfg = Debug|Any CPU
		{379D7176-F961-461E-8305-40155904605C}.Debug|x64.Build.0 = Debug|Any CPU
		{379D7176-F961-461E-8305-40155904605C}.Debug|x86.ActiveCfg = Debug|Any CPU
		{379D7176-F961-461E-8305-40155904605C}.Debug|x86.Build.0 = Debug|Any CPU
		{379D7176-F961-461E-8305-40155904605C}.Release|Any CPU.ActiveCfg = Release|Any CPU
		{379D7176-F961-461E-8305-40155904605C}.Release|Any CPU.Build.0 = Release|Any CPU
		{379D7176-F961-461E-8305-40155904605C}.Release|x64.ActiveCfg = Release|Any CPU
		{379D7176-F961-461E-8305-40155904605C}.Release|x64.Build.0 = Release|Any CPU
		{379D7176-F961-461E-8305-40155904605C}.Release|x86.ActiveCfg = Release|Any CPU
		{379D7176-F961-461E-8305-40155904605C}.Release|x86.Build.0 = Release|Any CPU
		{D8C04F39-156F-4ED1-A441-A3015D21586E}.Debug|Any CPU.ActiveCfg = Debug|Any CPU
		{D8C04F39-156F-4ED1-A441-A3015D21586E}.Debug|Any CPU.Build.0 = Debug|Any CPU
		{D8C04F39-156F-4ED1-A441-A3015D21586E}.Debug|x64.ActiveCfg = Debug|Any CPU
		{D8C04F39-156F-4ED1-A441-A3015D21586E}.Debug|x64.Build.0 = Debug|Any CPU
		{D8C04F39-156F-4ED1-A441-A3015D21586E}.Debug|x86.ActiveCfg = Debug|Any CPU
		{D8C04F39-156F-4ED1-A441-A3015D21586E}.Debug|x86.Build.0 = Debug|Any CPU
		{D8C04F39-156F-4ED1-A441-A3015D21586E}.Release|Any CPU.ActiveCfg = Release|Any CPU
		{D8C04F39-156F-4ED1-A441-A3015D21586E}.Release|Any CPU.Build.0 = Release|Any CPU
		{D8C04F39-156F-4ED1-A441-A3015D21586E}.Release|x64.ActiveCfg = Release|Any CPU
		{D8C04F39-156F-4ED1-A441-A3015D21586E}.Release|x64.Build.0 = Release|Any CPU
		{D8C04F39-156F-4ED1-A441-A3015D21586E}.Release|x86.ActiveCfg = Release|Any CPU
		{D8C04F39-156F-4ED1-A441-A3015D21586E}.Release|x86.Build.0 = Release|Any CPU
		{3AC4BF18-3395-4F79-82F6-11CDD79D5C1E}.Debug|Any CPU.ActiveCfg = Debug|Any CPU
		{3AC4BF18-3395-4F79-82F6-11CDD79D5C1E}.Debug|Any CPU.Build.0 = Debug|Any CPU
		{3AC4BF18-3395-4F79-82F6-11CDD79D5C1E}.Debug|x64.ActiveCfg = Debug|Any CPU
		{3AC4BF18-3395-4F79-82F6-11CDD79D5C1E}.Debug|x64.Build.0 = Debug|Any CPU
		{3AC4BF18-3395-4F79-82F6-11CDD79D5C1E}.Debug|x86.ActiveCfg = Debug|Any CPU
		{3AC4BF18-3395-4F79-82F6-11CDD79D5C1E}.Debug|x86.Build.0 = Debug|Any CPU
		{3AC4BF18-3395-4F79-82F6-11CDD79D5C1E}.Release|Any CPU.ActiveCfg = Release|Any CPU
		{3AC4BF18-3395-4F79-82F6-11CDD79D5C1E}.Release|Any CPU.Build.0 = Release|Any CPU
		{3AC4BF18-3395-4F79-82F6-11CDD79D5C1E}.Release|x64.ActiveCfg = Release|Any CPU
		{3AC4BF18-3395-4F79-82F6-11CDD79D5C1E}.Release|x64.Build.0 = Release|Any CPU
		{3AC4BF18-3395-4F79-82F6-11CDD79D5C1E}.Release|x86.ActiveCfg = Release|Any CPU
		{3AC4BF18-3395-4F79-82F6-11CDD79D5C1E}.Release|x86.Build.0 = Release|Any CPU
		{E2AA8472-2D5F-4072-B490-E86FAF6149B0}.Debug|Any CPU.ActiveCfg = Debug|Any CPU
		{E2AA8472-2D5F-4072-B490-E86FAF6149B0}.Debug|Any CPU.Build.0 = Debug|Any CPU
		{E2AA8472-2D5F-4072-B490-E86FAF6149B0}.Debug|x64.ActiveCfg = Debug|Any CPU
		{E2AA8472-2D5F-4072-B490-E86FAF6149B0}.Debug|x64.Build.0 = Debug|Any CPU
		{E2AA8472-2D5F-4072-B490-E86FAF6149B0}.Debug|x86.ActiveCfg = Debug|Any CPU
		{E2AA8472-2D5F-4072-B490-E86FAF6149B0}.Debug|x86.Build.0 = Debug|Any CPU
		{E2AA8472-2D5F-4072-B490-E86FAF6149B0}.Release|Any CPU.ActiveCfg = Release|Any CPU
		{E2AA8472-2D5F-4072-B490-E86FAF6149B0}.Release|Any CPU.Build.0 = Release|Any CPU
		{E2AA8472-2D5F-4072-B490-E86FAF6149B0}.Release|x64.ActiveCfg = Release|Any CPU
		{E2AA8472-2D5F-4072-B490-E86FAF6149B0}.Release|x64.Build.0 = Release|Any CPU
		{E2AA8472-2D5F-4072-B490-E86FAF6149B0}.Release|x86.ActiveCfg = Release|Any CPU
		{E2AA8472-2D5F-4072-B490-E86FAF6149B0}.Release|x86.Build.0 = Release|Any CPU
		{FD7CE39E-FAAA-4C52-BA2D-C8265C05A778}.Debug|Any CPU.ActiveCfg = Debug|Any CPU
		{FD7CE39E-FAAA-4C52-BA2D-C8265C05A778}.Debug|Any CPU.Build.0 = Debug|Any CPU
		{FD7CE39E-FAAA-4C52-BA2D-C8265C05A778}.Debug|x64.ActiveCfg = Debug|Any CPU
		{FD7CE39E-FAAA-4C52-BA2D-C8265C05A778}.Debug|x64.Build.0 = Debug|Any CPU
		{FD7CE39E-FAAA-4C52-BA2D-C8265C05A778}.Debug|x86.ActiveCfg = Debug|Any CPU
		{FD7CE39E-FAAA-4C52-BA2D-C8265C05A778}.Debug|x86.Build.0 = Debug|Any CPU
		{FD7CE39E-FAAA-4C52-BA2D-C8265C05A778}.Release|Any CPU.ActiveCfg = Release|Any CPU
		{FD7CE39E-FAAA-4C52-BA2D-C8265C05A778}.Release|Any CPU.Build.0 = Release|Any CPU
		{FD7CE39E-FAAA-4C52-BA2D-C8265C05A778}.Release|x64.ActiveCfg = Release|Any CPU
		{FD7CE39E-FAAA-4C52-BA2D-C8265C05A778}.Release|x64.Build.0 = Release|Any CPU
		{FD7CE39E-FAAA-4C52-BA2D-C8265C05A778}.Release|x86.ActiveCfg = Release|Any CPU
		{FD7CE39E-FAAA-4C52-BA2D-C8265C05A778}.Release|x86.Build.0 = Release|Any CPU
		{85D48947-9694-4DDB-AE7C-E1E12EBD53B8}.Debug|Any CPU.ActiveCfg = Debug|Any CPU
		{85D48947-9694-4DDB-AE7C-E1E12EBD53B8}.Debug|Any CPU.Build.0 = Debug|Any CPU
		{85D48947-9694-4DDB-AE7C-E1E12EBD53B8}.Debug|x64.ActiveCfg = Debug|Any CPU
		{85D48947-9694-4DDB-AE7C-E1E12EBD53B8}.Debug|x64.Build.0 = Debug|Any CPU
		{85D48947-9694-4DDB-AE7C-E1E12EBD53B8}.Debug|x86.ActiveCfg = Debug|Any CPU
		{85D48947-9694-4DDB-AE7C-E1E12EBD53B8}.Debug|x86.Build.0 = Debug|Any CPU
		{85D48947-9694-4DDB-AE7C-E1E12EBD53B8}.Release|Any CPU.ActiveCfg = Release|Any CPU
		{85D48947-9694-4DDB-AE7C-E1E12EBD53B8}.Release|Any CPU.Build.0 = Release|Any CPU
		{85D48947-9694-4DDB-AE7C-E1E12EBD53B8}.Release|x64.ActiveCfg = Release|Any CPU
		{85D48947-9694-4DDB-AE7C-E1E12EBD53B8}.Release|x64.Build.0 = Release|Any CPU
		{85D48947-9694-4DDB-AE7C-E1E12EBD53B8}.Release|x86.ActiveCfg = Release|Any CPU
		{85D48947-9694-4DDB-AE7C-E1E12EBD53B8}.Release|x86.Build.0 = Release|Any CPU
		{CCCB7506-6E98-4224-B7C7-787D2875F39C}.Debug|Any CPU.ActiveCfg = Debug|Any CPU
		{CCCB7506-6E98-4224-B7C7-787D2875F39C}.Debug|Any CPU.Build.0 = Debug|Any CPU
		{CCCB7506-6E98-4224-B7C7-787D2875F39C}.Debug|x64.ActiveCfg = Debug|Any CPU
		{CCCB7506-6E98-4224-B7C7-787D2875F39C}.Debug|x64.Build.0 = Debug|Any CPU
		{CCCB7506-6E98-4224-B7C7-787D2875F39C}.Debug|x86.ActiveCfg = Debug|Any CPU
		{CCCB7506-6E98-4224-B7C7-787D2875F39C}.Debug|x86.Build.0 = Debug|Any CPU
		{CCCB7506-6E98-4224-B7C7-787D2875F39C}.Release|Any CPU.ActiveCfg = Release|Any CPU
		{CCCB7506-6E98-4224-B7C7-787D2875F39C}.Release|Any CPU.Build.0 = Release|Any CPU
		{CCCB7506-6E98-4224-B7C7-787D2875F39C}.Release|x64.ActiveCfg = Release|Any CPU
		{CCCB7506-6E98-4224-B7C7-787D2875F39C}.Release|x64.Build.0 = Release|Any CPU
		{CCCB7506-6E98-4224-B7C7-787D2875F39C}.Release|x86.ActiveCfg = Release|Any CPU
		{CCCB7506-6E98-4224-B7C7-787D2875F39C}.Release|x86.Build.0 = Release|Any CPU
		{32B20CB8-2C9F-45C2-8850-E0808549CE3D}.Debug|Any CPU.ActiveCfg = Debug|Any CPU
		{32B20CB8-2C9F-45C2-8850-E0808549CE3D}.Debug|Any CPU.Build.0 = Debug|Any CPU
		{32B20CB8-2C9F-45C2-8850-E0808549CE3D}.Debug|x64.ActiveCfg = Debug|Any CPU
		{32B20CB8-2C9F-45C2-8850-E0808549CE3D}.Debug|x64.Build.0 = Debug|Any CPU
		{32B20CB8-2C9F-45C2-8850-E0808549CE3D}.Debug|x86.ActiveCfg = Debug|Any CPU
		{32B20CB8-2C9F-45C2-8850-E0808549CE3D}.Debug|x86.Build.0 = Debug|Any CPU
		{32B20CB8-2C9F-45C2-8850-E0808549CE3D}.Release|Any CPU.ActiveCfg = Release|Any CPU
		{32B20CB8-2C9F-45C2-8850-E0808549CE3D}.Release|Any CPU.Build.0 = Release|Any CPU
		{32B20CB8-2C9F-45C2-8850-E0808549CE3D}.Release|x64.ActiveCfg = Release|Any CPU
		{32B20CB8-2C9F-45C2-8850-E0808549CE3D}.Release|x64.Build.0 = Release|Any CPU
		{32B20CB8-2C9F-45C2-8850-E0808549CE3D}.Release|x86.ActiveCfg = Release|Any CPU
		{32B20CB8-2C9F-45C2-8850-E0808549CE3D}.Release|x86.Build.0 = Release|Any CPU
		{580F75D6-0C65-4092-80FA-7D967216923D}.Debug|Any CPU.ActiveCfg = Debug|Any CPU
		{580F75D6-0C65-4092-80FA-7D967216923D}.Debug|Any CPU.Build.0 = Debug|Any CPU
		{580F75D6-0C65-4092-80FA-7D967216923D}.Debug|x64.ActiveCfg = Debug|Any CPU
		{580F75D6-0C65-4092-80FA-7D967216923D}.Debug|x64.Build.0 = Debug|Any CPU
		{580F75D6-0C65-4092-80FA-7D967216923D}.Debug|x86.ActiveCfg = Debug|Any CPU
		{580F75D6-0C65-4092-80FA-7D967216923D}.Debug|x86.Build.0 = Debug|Any CPU
		{580F75D6-0C65-4092-80FA-7D967216923D}.Release|Any CPU.ActiveCfg = Release|Any CPU
		{580F75D6-0C65-4092-80FA-7D967216923D}.Release|Any CPU.Build.0 = Release|Any CPU
		{580F75D6-0C65-4092-80FA-7D967216923D}.Release|x64.ActiveCfg = Release|Any CPU
		{580F75D6-0C65-4092-80FA-7D967216923D}.Release|x64.Build.0 = Release|Any CPU
		{580F75D6-0C65-4092-80FA-7D967216923D}.Release|x86.ActiveCfg = Release|Any CPU
		{580F75D6-0C65-4092-80FA-7D967216923D}.Release|x86.Build.0 = Release|Any CPU
		{B7EFD819-EE7C-48CB-BB96-F129502F88C3}.Debug|Any CPU.ActiveCfg = Debug|Any CPU
		{B7EFD819-EE7C-48CB-BB96-F129502F88C3}.Debug|Any CPU.Build.0 = Debug|Any CPU
		{B7EFD819-EE7C-48CB-BB96-F129502F88C3}.Debug|x64.ActiveCfg = Debug|Any CPU
		{B7EFD819-EE7C-48CB-BB96-F129502F88C3}.Debug|x64.Build.0 = Debug|Any CPU
		{B7EFD819-EE7C-48CB-BB96-F129502F88C3}.Debug|x86.ActiveCfg = Debug|Any CPU
		{B7EFD819-EE7C-48CB-BB96-F129502F88C3}.Debug|x86.Build.0 = Debug|Any CPU
		{B7EFD819-EE7C-48CB-BB96-F129502F88C3}.Release|Any CPU.ActiveCfg = Release|Any CPU
		{B7EFD819-EE7C-48CB-BB96-F129502F88C3}.Release|Any CPU.Build.0 = Release|Any CPU
		{B7EFD819-EE7C-48CB-BB96-F129502F88C3}.Release|x64.ActiveCfg = Release|Any CPU
		{B7EFD819-EE7C-48CB-BB96-F129502F88C3}.Release|x64.Build.0 = Release|Any CPU
		{B7EFD819-EE7C-48CB-BB96-F129502F88C3}.Release|x86.ActiveCfg = Release|Any CPU
		{B7EFD819-EE7C-48CB-BB96-F129502F88C3}.Release|x86.Build.0 = Release|Any CPU
		{133545C6-980E-4E07-80C3-06BD6EDC531C}.Debug|Any CPU.ActiveCfg = Debug|Any CPU
		{133545C6-980E-4E07-80C3-06BD6EDC531C}.Debug|Any CPU.Build.0 = Debug|Any CPU
		{133545C6-980E-4E07-80C3-06BD6EDC531C}.Debug|x64.ActiveCfg = Debug|Any CPU
		{133545C6-980E-4E07-80C3-06BD6EDC531C}.Debug|x64.Build.0 = Debug|Any CPU
		{133545C6-980E-4E07-80C3-06BD6EDC531C}.Debug|x86.ActiveCfg = Debug|Any CPU
		{133545C6-980E-4E07-80C3-06BD6EDC531C}.Debug|x86.Build.0 = Debug|Any CPU
		{133545C6-980E-4E07-80C3-06BD6EDC531C}.Release|Any CPU.ActiveCfg = Release|Any CPU
		{133545C6-980E-4E07-80C3-06BD6EDC531C}.Release|Any CPU.Build.0 = Release|Any CPU
		{133545C6-980E-4E07-80C3-06BD6EDC531C}.Release|x64.ActiveCfg = Release|Any CPU
		{133545C6-980E-4E07-80C3-06BD6EDC531C}.Release|x64.Build.0 = Release|Any CPU
		{133545C6-980E-4E07-80C3-06BD6EDC531C}.Release|x86.ActiveCfg = Release|Any CPU
		{133545C6-980E-4E07-80C3-06BD6EDC531C}.Release|x86.Build.0 = Release|Any CPU
		{0DFD9FA8-A44F-4887-AEE2-6D70C0C96D68}.Debug|Any CPU.ActiveCfg = Debug|Any CPU
		{0DFD9FA8-A44F-4887-AEE2-6D70C0C96D68}.Debug|Any CPU.Build.0 = Debug|Any CPU
		{0DFD9FA8-A44F-4887-AEE2-6D70C0C96D68}.Debug|x64.ActiveCfg = Debug|Any CPU
		{0DFD9FA8-A44F-4887-AEE2-6D70C0C96D68}.Debug|x64.Build.0 = Debug|Any CPU
		{0DFD9FA8-A44F-4887-AEE2-6D70C0C96D68}.Debug|x86.ActiveCfg = Debug|Any CPU
		{0DFD9FA8-A44F-4887-AEE2-6D70C0C96D68}.Debug|x86.Build.0 = Debug|Any CPU
		{0DFD9FA8-A44F-4887-AEE2-6D70C0C96D68}.Release|Any CPU.ActiveCfg = Release|Any CPU
		{0DFD9FA8-A44F-4887-AEE2-6D70C0C96D68}.Release|Any CPU.Build.0 = Release|Any CPU
		{0DFD9FA8-A44F-4887-AEE2-6D70C0C96D68}.Release|x64.ActiveCfg = Release|Any CPU
		{0DFD9FA8-A44F-4887-AEE2-6D70C0C96D68}.Release|x64.Build.0 = Release|Any CPU
		{0DFD9FA8-A44F-4887-AEE2-6D70C0C96D68}.Release|x86.ActiveCfg = Release|Any CPU
		{0DFD9FA8-A44F-4887-AEE2-6D70C0C96D68}.Release|x86.Build.0 = Release|Any CPU
		{CD846AA2-95B2-4570-8677-7C4E4BF67968}.Debug|Any CPU.ActiveCfg = Debug|Any CPU
		{CD846AA2-95B2-4570-8677-7C4E4BF67968}.Debug|Any CPU.Build.0 = Debug|Any CPU
		{CD846AA2-95B2-4570-8677-7C4E4BF67968}.Debug|x64.ActiveCfg = Debug|Any CPU
		{CD846AA2-95B2-4570-8677-7C4E4BF67968}.Debug|x64.Build.0 = Debug|Any CPU
		{CD846AA2-95B2-4570-8677-7C4E4BF67968}.Debug|x86.ActiveCfg = Debug|Any CPU
		{CD846AA2-95B2-4570-8677-7C4E4BF67968}.Debug|x86.Build.0 = Debug|Any CPU
		{CD846AA2-95B2-4570-8677-7C4E4BF67968}.Release|Any CPU.ActiveCfg = Release|Any CPU
		{CD846AA2-95B2-4570-8677-7C4E4BF67968}.Release|Any CPU.Build.0 = Release|Any CPU
		{CD846AA2-95B2-4570-8677-7C4E4BF67968}.Release|x64.ActiveCfg = Release|Any CPU
		{CD846AA2-95B2-4570-8677-7C4E4BF67968}.Release|x64.Build.0 = Release|Any CPU
		{CD846AA2-95B2-4570-8677-7C4E4BF67968}.Release|x86.ActiveCfg = Release|Any CPU
		{CD846AA2-95B2-4570-8677-7C4E4BF67968}.Release|x86.Build.0 = Release|Any CPU
		{C33497C0-7C73-447B-9547-3569A16D2726}.Debug|Any CPU.ActiveCfg = Debug|Any CPU
		{C33497C0-7C73-447B-9547-3569A16D2726}.Debug|Any CPU.Build.0 = Debug|Any CPU
		{C33497C0-7C73-447B-9547-3569A16D2726}.Debug|x64.ActiveCfg = Debug|Any CPU
		{C33497C0-7C73-447B-9547-3569A16D2726}.Debug|x64.Build.0 = Debug|Any CPU
		{C33497C0-7C73-447B-9547-3569A16D2726}.Debug|x86.ActiveCfg = Debug|Any CPU
		{C33497C0-7C73-447B-9547-3569A16D2726}.Debug|x86.Build.0 = Debug|Any CPU
		{C33497C0-7C73-447B-9547-3569A16D2726}.Release|Any CPU.ActiveCfg = Release|Any CPU
		{C33497C0-7C73-447B-9547-3569A16D2726}.Release|Any CPU.Build.0 = Release|Any CPU
		{C33497C0-7C73-447B-9547-3569A16D2726}.Release|x64.ActiveCfg = Release|Any CPU
		{C33497C0-7C73-447B-9547-3569A16D2726}.Release|x64.Build.0 = Release|Any CPU
		{C33497C0-7C73-447B-9547-3569A16D2726}.Release|x86.ActiveCfg = Release|Any CPU
		{C33497C0-7C73-447B-9547-3569A16D2726}.Release|x86.Build.0 = Release|Any CPU
		{9759352F-B5F0-44F6-946E-6B330E7C6811}.Debug|Any CPU.ActiveCfg = Debug|Any CPU
		{9759352F-B5F0-44F6-946E-6B330E7C6811}.Debug|Any CPU.Build.0 = Debug|Any CPU
		{9759352F-B5F0-44F6-946E-6B330E7C6811}.Debug|x64.ActiveCfg = Debug|Any CPU
		{9759352F-B5F0-44F6-946E-6B330E7C6811}.Debug|x64.Build.0 = Debug|Any CPU
		{9759352F-B5F0-44F6-946E-6B330E7C6811}.Debug|x86.ActiveCfg = Debug|Any CPU
		{9759352F-B5F0-44F6-946E-6B330E7C6811}.Debug|x86.Build.0 = Debug|Any CPU
		{9759352F-B5F0-44F6-946E-6B330E7C6811}.Release|Any CPU.ActiveCfg = Release|Any CPU
		{9759352F-B5F0-44F6-946E-6B330E7C6811}.Release|Any CPU.Build.0 = Release|Any CPU
		{9759352F-B5F0-44F6-946E-6B330E7C6811}.Release|x64.ActiveCfg = Release|Any CPU
		{9759352F-B5F0-44F6-946E-6B330E7C6811}.Release|x64.Build.0 = Release|Any CPU
		{9759352F-B5F0-44F6-946E-6B330E7C6811}.Release|x86.ActiveCfg = Release|Any CPU
		{9759352F-B5F0-44F6-946E-6B330E7C6811}.Release|x86.Build.0 = Release|Any CPU
		{2477549D-9C83-4895-B8F5-B64687760D2F}.Debug|Any CPU.ActiveCfg = Debug|Any CPU
		{2477549D-9C83-4895-B8F5-B64687760D2F}.Debug|Any CPU.Build.0 = Debug|Any CPU
		{2477549D-9C83-4895-B8F5-B64687760D2F}.Debug|x64.ActiveCfg = Debug|Any CPU
		{2477549D-9C83-4895-B8F5-B64687760D2F}.Debug|x64.Build.0 = Debug|Any CPU
		{2477549D-9C83-4895-B8F5-B64687760D2F}.Debug|x86.ActiveCfg = Debug|Any CPU
		{2477549D-9C83-4895-B8F5-B64687760D2F}.Debug|x86.Build.0 = Debug|Any CPU
		{2477549D-9C83-4895-B8F5-B64687760D2F}.Release|Any CPU.ActiveCfg = Release|Any CPU
		{2477549D-9C83-4895-B8F5-B64687760D2F}.Release|Any CPU.Build.0 = Release|Any CPU
		{2477549D-9C83-4895-B8F5-B64687760D2F}.Release|x64.ActiveCfg = Release|Any CPU
		{2477549D-9C83-4895-B8F5-B64687760D2F}.Release|x64.Build.0 = Release|Any CPU
		{2477549D-9C83-4895-B8F5-B64687760D2F}.Release|x86.ActiveCfg = Release|Any CPU
		{2477549D-9C83-4895-B8F5-B64687760D2F}.Release|x86.Build.0 = Release|Any CPU
		{64E3FB84-95E4-4910-9EF4-5DD360EC19AC}.Debug|Any CPU.ActiveCfg = Debug|Any CPU
		{64E3FB84-95E4-4910-9EF4-5DD360EC19AC}.Debug|Any CPU.Build.0 = Debug|Any CPU
		{64E3FB84-95E4-4910-9EF4-5DD360EC19AC}.Debug|x64.ActiveCfg = Debug|Any CPU
		{64E3FB84-95E4-4910-9EF4-5DD360EC19AC}.Debug|x64.Build.0 = Debug|Any CPU
		{64E3FB84-95E4-4910-9EF4-5DD360EC19AC}.Debug|x86.ActiveCfg = Debug|Any CPU
		{64E3FB84-95E4-4910-9EF4-5DD360EC19AC}.Debug|x86.Build.0 = Debug|Any CPU
		{64E3FB84-95E4-4910-9EF4-5DD360EC19AC}.Release|Any CPU.ActiveCfg = Release|Any CPU
		{64E3FB84-95E4-4910-9EF4-5DD360EC19AC}.Release|Any CPU.Build.0 = Release|Any CPU
		{64E3FB84-95E4-4910-9EF4-5DD360EC19AC}.Release|x64.ActiveCfg = Release|Any CPU
		{64E3FB84-95E4-4910-9EF4-5DD360EC19AC}.Release|x64.Build.0 = Release|Any CPU
		{64E3FB84-95E4-4910-9EF4-5DD360EC19AC}.Release|x86.ActiveCfg = Release|Any CPU
		{64E3FB84-95E4-4910-9EF4-5DD360EC19AC}.Release|x86.Build.0 = Release|Any CPU
		{B1082BF1-9C12-4DB1-8940-E2A963A962B6}.Debug|Any CPU.ActiveCfg = Debug|Any CPU
		{B1082BF1-9C12-4DB1-8940-E2A963A962B6}.Debug|Any CPU.Build.0 = Debug|Any CPU
		{B1082BF1-9C12-4DB1-8940-E2A963A962B6}.Debug|x64.ActiveCfg = Debug|Any CPU
		{B1082BF1-9C12-4DB1-8940-E2A963A962B6}.Debug|x64.Build.0 = Debug|Any CPU
		{B1082BF1-9C12-4DB1-8940-E2A963A962B6}.Debug|x86.ActiveCfg = Debug|Any CPU
		{B1082BF1-9C12-4DB1-8940-E2A963A962B6}.Debug|x86.Build.0 = Debug|Any CPU
		{B1082BF1-9C12-4DB1-8940-E2A963A962B6}.Release|Any CPU.ActiveCfg = Release|Any CPU
		{B1082BF1-9C12-4DB1-8940-E2A963A962B6}.Release|Any CPU.Build.0 = Release|Any CPU
		{B1082BF1-9C12-4DB1-8940-E2A963A962B6}.Release|x64.ActiveCfg = Release|Any CPU
		{B1082BF1-9C12-4DB1-8940-E2A963A962B6}.Release|x64.Build.0 = Release|Any CPU
		{B1082BF1-9C12-4DB1-8940-E2A963A962B6}.Release|x86.ActiveCfg = Release|Any CPU
		{B1082BF1-9C12-4DB1-8940-E2A963A962B6}.Release|x86.Build.0 = Release|Any CPU
		{301D96AD-EA67-4B6B-8A9F-FB99D3EC8997}.Debug|Any CPU.ActiveCfg = Debug|Any CPU
		{301D96AD-EA67-4B6B-8A9F-FB99D3EC8997}.Debug|Any CPU.Build.0 = Debug|Any CPU
		{301D96AD-EA67-4B6B-8A9F-FB99D3EC8997}.Debug|x64.ActiveCfg = Debug|Any CPU
		{301D96AD-EA67-4B6B-8A9F-FB99D3EC8997}.Debug|x64.Build.0 = Debug|Any CPU
		{301D96AD-EA67-4B6B-8A9F-FB99D3EC8997}.Debug|x86.ActiveCfg = Debug|Any CPU
		{301D96AD-EA67-4B6B-8A9F-FB99D3EC8997}.Debug|x86.Build.0 = Debug|Any CPU
		{301D96AD-EA67-4B6B-8A9F-FB99D3EC8997}.Release|Any CPU.ActiveCfg = Release|Any CPU
		{301D96AD-EA67-4B6B-8A9F-FB99D3EC8997}.Release|Any CPU.Build.0 = Release|Any CPU
		{301D96AD-EA67-4B6B-8A9F-FB99D3EC8997}.Release|x64.ActiveCfg = Release|Any CPU
		{301D96AD-EA67-4B6B-8A9F-FB99D3EC8997}.Release|x64.Build.0 = Release|Any CPU
		{301D96AD-EA67-4B6B-8A9F-FB99D3EC8997}.Release|x86.ActiveCfg = Release|Any CPU
		{301D96AD-EA67-4B6B-8A9F-FB99D3EC8997}.Release|x86.Build.0 = Release|Any CPU
	EndGlobalSection
	GlobalSection(SolutionProperties) = preSolution
		HideSolutionNode = FALSE
	EndGlobalSection
	GlobalSection(NestedProjects) = preSolution
		{87F072EB-8A16-4026-ABB1-2B6687073407} = {49B2FF1F-EB99-493C-B907-29C751AF43EA}
		{27433D10-A791-48A3-94C4-302820F35773} = {49B2FF1F-EB99-493C-B907-29C751AF43EA}
		{6360986C-6BB9-4613-8C8D-96098BB4BEBD} = {49B2FF1F-EB99-493C-B907-29C751AF43EA}
		{90DA0BF4-E761-4662-B218-0BA8896705CA} = {49B2FF1F-EB99-493C-B907-29C751AF43EA}
		{AC26FAA8-FBF2-4129-BE7C-1E7F58C283F6} = {87F072EB-8A16-4026-ABB1-2B6687073407}
		{296C22D1-E7DF-4CF5-97F2-877A7E0F50C5} = {87F072EB-8A16-4026-ABB1-2B6687073407}
		{E30B6FB6-FD4F-4AB2-BDE0-0CAA309CB4B1} = {87F072EB-8A16-4026-ABB1-2B6687073407}
		{D59A33E9-28F5-4973-A1E7-C4AB7FBC8BEB} = {87F072EB-8A16-4026-ABB1-2B6687073407}
		{64B980DB-6DF7-442D-8024-E07A5C99364F} = {27433D10-A791-48A3-94C4-302820F35773}
		{7967A1AC-B7AA-4F5D-85ED-C587F3A30FF3} = {27433D10-A791-48A3-94C4-302820F35773}
		{F77F0FFF-8763-4DB6-8DB1-A7FD4DFE2790} = {27433D10-A791-48A3-94C4-302820F35773}
		{CC08ECB2-8329-431F-B0DE-1E648D3981AD} = {27433D10-A791-48A3-94C4-302820F35773}
		{8E56FA6E-D2C7-4BB3-9BDA-134519143324} = {27433D10-A791-48A3-94C4-302820F35773}
		{B4D74480-BD30-4D9B-A75C-BC2B4CF2A68A} = {6360986C-6BB9-4613-8C8D-96098BB4BEBD}
		{FDBC1950-FBF8-4CCA-BAE4-A0BF69AB9AF1} = {6360986C-6BB9-4613-8C8D-96098BB4BEBD}
		{CD507F3E-54D6-4C79-A575-51286EBD5BA6} = {6360986C-6BB9-4613-8C8D-96098BB4BEBD}
		{970E6735-7824-4369-BEDF-1C402F2B66DC} = {6360986C-6BB9-4613-8C8D-96098BB4BEBD}
		{D9475EA1-DE5D-4971-B613-1668C8E31519} = {90DA0BF4-E761-4662-B218-0BA8896705CA}
		{854C446C-AE15-4405-BAFD-11586CBCEE44} = {90DA0BF4-E761-4662-B218-0BA8896705CA}
		{5C3239BB-3400-4395-97C8-903CB55D8F20} = {90DA0BF4-E761-4662-B218-0BA8896705CA}
		{5251ADC9-EA02-421D-8AC8-760D1009E5D2} = {90DA0BF4-E761-4662-B218-0BA8896705CA}
		{67045115-3998-483F-AD97-063EDA88F9D3} = {6360986C-6BB9-4613-8C8D-96098BB4BEBD}
		{254ADA55-9E23-4BEC-88B9-F72F81F2F1C9} = {90DA0BF4-E761-4662-B218-0BA8896705CA}
		{9D00A30C-A5CC-4638-922B-0B5729D12865} = {90935605-76FB-409E-B762-E2D1A2F2E64B}
		{4D1BF255-C5FB-497E-AF38-FFF5608B741E} = {49B2FF1F-EB99-493C-B907-29C751AF43EA}
		{D960CFC4-AC1E-40F3-AE23-27CDB511A4CB} = {4D1BF255-C5FB-497E-AF38-FFF5608B741E}
		{379D7176-F961-461E-8305-40155904605C} = {4D1BF255-C5FB-497E-AF38-FFF5608B741E}
		{D8C04F39-156F-4ED1-A441-A3015D21586E} = {4D1BF255-C5FB-497E-AF38-FFF5608B741E}
		{3AC4BF18-3395-4F79-82F6-11CDD79D5C1E} = {4D1BF255-C5FB-497E-AF38-FFF5608B741E}
		{E2AA8472-2D5F-4072-B490-E86FAF6149B0} = {4D1BF255-C5FB-497E-AF38-FFF5608B741E}
		{5645102D-79AB-95EB-F9DC-CB8195C6F5BF} = {49B2FF1F-EB99-493C-B907-29C751AF43EA}
		{FD7CE39E-FAAA-4C52-BA2D-C8265C05A778} = {5645102D-79AB-95EB-F9DC-CB8195C6F5BF}
		{85D48947-9694-4DDB-AE7C-E1E12EBD53B8} = {5645102D-79AB-95EB-F9DC-CB8195C6F5BF}
		{CCCB7506-6E98-4224-B7C7-787D2875F39C} = {5645102D-79AB-95EB-F9DC-CB8195C6F5BF}
		{32B20CB8-2C9F-45C2-8850-E0808549CE3D} = {5645102D-79AB-95EB-F9DC-CB8195C6F5BF}
		{580F75D6-0C65-4092-80FA-7D967216923D} = {5645102D-79AB-95EB-F9DC-CB8195C6F5BF}
		{6FDCAA00-6919-B5FA-68E6-8EA5A4B78E83} = {49B2FF1F-EB99-493C-B907-29C751AF43EA}
		{B7EFD819-EE7C-48CB-BB96-F129502F88C3} = {6FDCAA00-6919-B5FA-68E6-8EA5A4B78E83}
		{133545C6-980E-4E07-80C3-06BD6EDC531C} = {6FDCAA00-6919-B5FA-68E6-8EA5A4B78E83}
		{0DFD9FA8-A44F-4887-AEE2-6D70C0C96D68} = {6FDCAA00-6919-B5FA-68E6-8EA5A4B78E83}
		{CD846AA2-95B2-4570-8677-7C4E4BF67968} = {6FDCAA00-6919-B5FA-68E6-8EA5A4B78E83}
		{C33497C0-7C73-447B-9547-3569A16D2726} = {6FDCAA00-6919-B5FA-68E6-8EA5A4B78E83}
		{184C3724-C2F8-94CC-87CB-DE9B27A511F3} = {49B2FF1F-EB99-493C-B907-29C751AF43EA}
		{9759352F-B5F0-44F6-946E-6B330E7C6811} = {184C3724-C2F8-94CC-87CB-DE9B27A511F3}
		{2477549D-9C83-4895-B8F5-B64687760D2F} = {184C3724-C2F8-94CC-87CB-DE9B27A511F3}
		{64E3FB84-95E4-4910-9EF4-5DD360EC19AC} = {184C3724-C2F8-94CC-87CB-DE9B27A511F3}
		{B1082BF1-9C12-4DB1-8940-E2A963A962B6} = {184C3724-C2F8-94CC-87CB-DE9B27A511F3}
		{301D96AD-EA67-4B6B-8A9F-FB99D3EC8997} = {184C3724-C2F8-94CC-87CB-DE9B27A511F3}
	EndGlobalSection
	GlobalSection(ExtensibilityGlobals) = postSolution
		SolutionGuid = {C2DFDC78-148B-48F1-82BC-67CE1A52A3C5}
	EndGlobalSection
EndGlobal
